
Microsoft Visual Studio Solution File, Format Version 12.00
# Visual Studio Version 16
VisualStudioVersion = 16.0.31321.278
MinimumVisualStudioVersion = 10.0.40219.1
Project("{9092AA53-FB77-4645-B42D-1CCCA6BD08BD}") = "webappmkr-nodejs", "webappmkr-nodejs\webappmkr-nodejs.njsproj", "{8E8A1B20-E2ED-4FF5-9085-127D3113A419}"
EndProject
Global
	GlobalSection(SolutionConfigurationPlatforms) = preSolution
		Debug|Any CPU = Debug|Any CPU
		Release|Any CPU = Release|Any CPU
	EndGlobalSection
	GlobalSection(ProjectConfigurationPlatforms) = postSolution
		{8E8A1B20-E2ED-4FF5-9085-127D3113A419}.Debug|Any CPU.ActiveCfg = Debug|Any CPU
		{8E8A1B20-E2ED-4FF5-9085-127D3113A419}.Debug|Any CPU.Build.0 = Debug|Any CPU
		{8E8A1B20-E2ED-4FF5-9085-127D3113A419}.Release|Any CPU.ActiveCfg = Release|Any CPU
		{8E8A1B20-E2ED-4FF5-9085-127D3113A419}.Release|Any CPU.Build.0 = Release|Any CPU
	EndGlobalSection
	GlobalSection(SolutionProperties) = preSolution
		HideSolutionNode = FALSE
	EndGlobalSection
	GlobalSection(ExtensibilityGlobals) = postSolution
		SolutionGuid = {B9C30B4F-9D9A-4942-B799-B90C0D4C9A4D}
	EndGlobalSection
EndGlobal
